
Microsoft Visual Studio Solution File, Format Version 12.00
# Visual Studio Version 17
VisualStudioVersion = 17.0.31903.59
MinimumVisualStudioVersion = 10.0.40219.1
Project("{2150E333-8FDC-42A3-9474-1A3956D46DE8}") = "src", "src", "{BF3BE95C-8E8C-41DE-807D-713E17407B8B}"
EndProject
Project("{FAE04EC0-301F-11D3-BF4B-00C04F79EFBC}") = "BonApp.WebUI", "src\BonApp.WebUI\BonApp.WebUI.csproj", "{0448B432-2F3F-46ED-B004-7B3F72599228}"
EndProject
Project("{FAE04EC0-301F-11D3-BF4B-00C04F79EFBC}") = "BonApp.Infrastructure", "src\BonApp.Infrastructure\BonApp.Infrastructure.csproj", "{7CB42580-E7EE-4AA6-989D-3C2A4AFCB198}"
EndProject
Project("{FAE04EC0-301F-11D3-BF4B-00C04F79EFBC}") = "BonApp.xUnit", "src\BonApp.xUnit\BonApp.xUnit.csproj", "{E3F6970C-77AA-4E71-97E0-558AF3EDA009}"
EndProject
Project("{FAE04EC0-301F-11D3-BF4B-00C04F79EFBC}") = "BonApp.Domain", "src\BonApp.Domain\BonApp.Domain.csproj", "{E31B5B7D-FBC3-4B8C-A595-30C2CA2F2D3B}"
EndProject
Project("{FAE04EC0-301F-11D3-BF4B-00C04F79EFBC}") = "BonApp.API", "src\BonApp.API\BonApp.API.csproj", "{E205C875-2683-4443-9920-685797D5B138}"
EndProject
Global
	GlobalSection(SolutionConfigurationPlatforms) = preSolution
		Debug|Any CPU = Debug|Any CPU
		Release|Any CPU = Release|Any CPU
	EndGlobalSection
	GlobalSection(SolutionProperties) = preSolution
		HideSolutionNode = FALSE
	EndGlobalSection
	GlobalSection(ProjectConfigurationPlatforms) = postSolution
		{0448B432-2F3F-46ED-B004-7B3F72599228}.Debug|Any CPU.ActiveCfg = Debug|Any CPU
		{0448B432-2F3F-46ED-B004-7B3F72599228}.Debug|Any CPU.Build.0 = Debug|Any CPU
		{0448B432-2F3F-46ED-B004-7B3F72599228}.Release|Any CPU.ActiveCfg = Release|Any CPU
		{0448B432-2F3F-46ED-B004-7B3F72599228}.Release|Any CPU.Build.0 = Release|Any CPU
		{7CB42580-E7EE-4AA6-989D-3C2A4AFCB198}.Debug|Any CPU.ActiveCfg = Debug|Any CPU
		{7CB42580-E7EE-4AA6-989D-3C2A4AFCB198}.Debug|Any CPU.Build.0 = Debug|Any CPU
		{7CB42580-E7EE-4AA6-989D-3C2A4AFCB198}.Release|Any CPU.ActiveCfg = Release|Any CPU
		{7CB42580-E7EE-4AA6-989D-3C2A4AFCB198}.Release|Any CPU.Build.0 = Release|Any CPU
		{E3F6970C-77AA-4E71-97E0-558AF3EDA009}.Debug|Any CPU.ActiveCfg = Debug|Any CPU
		{E3F6970C-77AA-4E71-97E0-558AF3EDA009}.Debug|Any CPU.Build.0 = Debug|Any CPU
		{E3F6970C-77AA-4E71-97E0-558AF3EDA009}.Release|Any CPU.ActiveCfg = Release|Any CPU
		{E3F6970C-77AA-4E71-97E0-558AF3EDA009}.Release|Any CPU.Build.0 = Release|Any CPU
		{E31B5B7D-FBC3-4B8C-A595-30C2CA2F2D3B}.Debug|Any CPU.ActiveCfg = Debug|Any CPU
		{E31B5B7D-FBC3-4B8C-A595-30C2CA2F2D3B}.Debug|Any CPU.Build.0 = Debug|Any CPU
		{E31B5B7D-FBC3-4B8C-A595-30C2CA2F2D3B}.Release|Any CPU.ActiveCfg = Release|Any CPU
		{E31B5B7D-FBC3-4B8C-A595-30C2CA2F2D3B}.Release|Any CPU.Build.0 = Release|Any CPU
		{E205C875-2683-4443-9920-685797D5B138}.Debug|Any CPU.ActiveCfg = Debug|Any CPU
		{E205C875-2683-4443-9920-685797D5B138}.Debug|Any CPU.Build.0 = Debug|Any CPU
		{E205C875-2683-4443-9920-685797D5B138}.Release|Any CPU.ActiveCfg = Release|Any CPU
		{E205C875-2683-4443-9920-685797D5B138}.Release|Any CPU.Build.0 = Release|Any CPU
	EndGlobalSection
	GlobalSection(NestedProjects) = preSolution
		{0448B432-2F3F-46ED-B004-7B3F72599228} = {BF3BE95C-8E8C-41DE-807D-713E17407B8B}
		{7CB42580-E7EE-4AA6-989D-3C2A4AFCB198} = {BF3BE95C-8E8C-41DE-807D-713E17407B8B}
		{E3F6970C-77AA-4E71-97E0-558AF3EDA009} = {BF3BE95C-8E8C-41DE-807D-713E17407B8B}
		{E31B5B7D-FBC3-4B8C-A595-30C2CA2F2D3B} = {BF3BE95C-8E8C-41DE-807D-713E17407B8B}
		{E205C875-2683-4443-9920-685797D5B138} = {E205C875-2683-4443-9920-685797D5B138}
	EndGlobalSection
EndGlobal
